
Microsoft Visual Studio Solution File, Format Version 12.00
# Visual Studio Version 17
VisualStudioVersion = 17.1.32210.238
MinimumVisualStudioVersion = 10.0.40219.1
Project("{FAE04EC0-301F-11D3-BF4B-00C04F79EFBC}") = "Client", "Client\Client.csproj", "{38131B63-FBD0-4F5E-85CC-E5525CEB0461}"
EndProject
Project("{FAE04EC0-301F-11D3-BF4B-00C04F79EFBC}") = "Base", "Base\Base.csproj", "{ECADD4D3-B5B3-4FC3-8EC5-4C67FF07CCF4}"
EndProject
Project("{FAE04EC0-301F-11D3-BF4B-00C04F79EFBC}") = "Server", "Server\Server.csproj", "{614283DC-C697-4678-827C-187F1923C8EB}"
EndProject
Global
	GlobalSection(SolutionConfigurationPlatforms) = preSolution
		Debug|Any CPU = Debug|Any CPU
		Release|Any CPU = Release|Any CPU
	EndGlobalSection
	GlobalSection(ProjectConfigurationPlatforms) = postSolution
		{38131B63-FBD0-4F5E-85CC-E5525CEB0461}.Debug|Any CPU.ActiveCfg = Debug|Any CPU
		{38131B63-FBD0-4F5E-85CC-E5525CEB0461}.Debug|Any CPU.Build.0 = Debug|Any CPU
		{38131B63-FBD0-4F5E-85CC-E5525CEB0461}.Release|Any CPU.ActiveCfg = Release|Any CPU
		{38131B63-FBD0-4F5E-85CC-E5525CEB0461}.Release|Any CPU.Build.0 = Release|Any CPU
		{ECADD4D3-B5B3-4FC3-8EC5-4C67FF07CCF4}.Debug|Any CPU.ActiveCfg = Debug|Any CPU
		{ECADD4D3-B5B3-4FC3-8EC5-4C67FF07CCF4}.Debug|Any CPU.Build.0 = Debug|Any CPU
		{ECADD4D3-B5B3-4FC3-8EC5-4C67FF07CCF4}.Release|Any CPU.ActiveCfg = Release|Any CPU
		{ECADD4D3-B5B3-4FC3-8EC5-4C67FF07CCF4}.Release|Any CPU.Build.0 = Release|Any CPU
		{614283DC-C697-4678-827C-187F1923C8EB}.Debug|Any CPU.ActiveCfg = Debug|Any CPU
		{614283DC-C697-4678-827C-187F1923C8EB}.Debug|Any CPU.Build.0 = Debug|Any CPU
		{614283DC-C697-4678-827C-187F1923C8EB}.Release|Any CPU.ActiveCfg = Release|Any CPU
		{614283DC-C697-4678-827C-187F1923C8EB}.Release|Any CPU.Build.0 = Release|Any CPU
	EndGlobalSection
	GlobalSection(SolutionProperties) = preSolution
		HideSolutionNode = FALSE
	EndGlobalSection
	GlobalSection(ExtensibilityGlobals) = postSolution
		SolutionGuid = {26A9AF82-4F63-40D0-AE27-9EEC517BEA53}
	EndGlobalSection
EndGlobal
